// !$*UTF8*$!
{
	archiveVersion = 1;
	classes = {
	};
	objectVersion = 50;
	objects = {

/* Begin PBXBuildFile section */
		C4D55FCC233A55D900FF95B7 /* AppDelegate.swift in Sources */ = {isa = PBXBuildFile; fileRef = C4D55FCB233A55D900FF95B7 /* AppDelegate.swift */; };
		C4D55FCE233A55D900FF95B7 /* ViewController.swift in Sources */ = {isa = PBXBuildFile; fileRef = C4D55FCD233A55D900FF95B7 /* ViewController.swift */; };
		C4D55FD1233A55D900FF95B7 /* Main.storyboard in Resources */ = {isa = PBXBuildFile; fileRef = C4D55FCF233A55D900FF95B7 /* Main.storyboard */; };
		C4D55FD3233A55ED00FF95B7 /* Assets.xcassets in Resources */ = {isa = PBXBuildFile; fileRef = C4D55FD2233A55ED00FF95B7 /* Assets.xcassets */; };
		C4D55FD6233A55ED00FF95B7 /* LaunchScreen.storyboard in Resources */ = {isa = PBXBuildFile; fileRef = C4D55FD4233A55ED00FF95B7 /* LaunchScreen.storyboard */; };
		C4D55FDE233A5CC100FF95B7 /* SecondViewController.swift in Sources */ = {isa = PBXBuildFile; fileRef = C4D55FDD233A5CC100FF95B7 /* SecondViewController.swift */; };
/* End PBXBuildFile section */

/* Begin PBXFileReference section */
		C4D55FC8233A55D900FF95B7 /* Lab5_1.app */ = {isa = PBXFileReference; explicitFileType = wrapper.application; includeInIndex = 0; path = Lab5_1.app; sourceTree = BUILT_PRODUCTS_DIR; };
		C4D55FCB233A55D900FF95B7 /* AppDelegate.swift */ = {isa = PBXFileReference; lastKnownFileType = sourcecode.swift; path = AppDelegate.swift; sourceTree = "<group>"; };
		C4D55FCD233A55D900FF95B7 /* ViewController.swift */ = {isa = PBXFileReference; lastKnownFileType = sourcecode.swift; path = ViewController.swift; sourceTree = "<group>"; };
		C4D55FD0233A55D900FF95B7 /* Base */ = {isa = PBXFileReference; lastKnownFileType = file.storyboard; name = Base; path = Base.lproj/Main.storyboard; sourceTree = "<group>"; };
		C4D55FD2233A55ED00FF95B7 /* Assets.xcassets */ = {isa = PBXFileReference; lastKnownFileType = folder.assetcatalog; path = Assets.xcassets; sourceTree = "<group>"; };
		C4D55FD5233A55ED00FF95B7 /* Base */ = {isa = PBXFileReference; lastKnownFileType = file.storyboard; name = Base; path = Base.lproj/LaunchScreen.storyboard; sourceTree = "<group>"; };
		C4D55FD7233A55ED00FF95B7 /* Info.plist */ = {isa = PBXFileReference; lastKnownFileType = text.plist.xml; path = Info.plist; sourceTree = "<group>"; };
		C4D55FDD233A5CC100FF95B7 /* SecondViewController.swift */ = {isa = PBXFileReference; lastKnownFileType = sourcecode.swift; path = SecondViewController.swift; sourceTree = "<group>"; };
/* End PBXFileReference section */

/* Begin PBXFrameworksBuildPhase section */
		C4D55FC5233A55D900FF95B7 /* Frameworks */ = {
			isa = PBXFrameworksBuildPhase;
			buildActionMask = 2147483647;
			files = (
			);
			runOnlyForDeploymentPostprocessing = 0;
		};
/* End PBXFrameworksBuildPhase section */

/* Begin PBXGroup section */
		C4D55FBF233A55D900FF95B7 = {
			isa = PBXGroup;
			children = (
				C4D55FCA233A55D900FF95B7 /* Lab5_1 */,
				C4D55FC9233A55D900FF95B7 /* Products */,
			);
			sourceTree = "<group>";
		};
		C4D55FC9233A55D900FF95B7 /* Products */ = {
			isa = PBXGroup;
			children = (
				C4D55FC8233A55D900FF95B7 /* Lab5_1.app */,
			);
			name = Products;
			sourceTree = "<group>";
		};
		C4D55FCA233A55D900FF95B7 /* Lab5_1 */ = {
			isa = PBXGroup;
			children = (
				C4D55FCB233A55D900FF95B7 /* AppDelegate.swift */,
				C4D55FCD233A55D900FF95B7 /* ViewController.swift */,
				C4D55FDD233A5CC100FF95B7 /* SecondViewController.swift */,
				C4D55FCF233A55D900FF95B7 /* Main.storyboard */,
				C4D55FD2233A55ED00FF95B7 /* Assets.xcassets */,
				C4D55FD4233A55ED00FF95B7 /* LaunchScreen.storyboard */,
				C4D55FD7233A55ED00FF95B7 /* Info.plist */,
			);
			path = Lab5_1;
			sourceTree = "<group>";
		};
/* End PBXGroup section */

/* Begin PBXNativeTarget section */
		C4D55FC7233A55D900FF95B7 /* Lab5_1 */ = {
			isa = PBXNativeTarget;
			buildConfigurationList = C4D55FDA233A55ED00FF95B7 /* Build configuration list for PBXNativeTarget "Lab5_1" */;
			buildPhases = (
				C4D55FC4233A55D900FF95B7 /* Sources */,
				C4D55FC5233A55D900FF95B7 /* Frameworks */,
				C4D55FC6233A55D900FF95B7 /* Resources */,
			);
			buildRules = (
			);
			dependencies = (
			);
			name = Lab5_1;
			productName = Lab5_1;
			productReference = C4D55FC8233A55D900FF95B7 /* Lab5_1.app */;
			productType = "com.apple.product-type.application";
		};
/* End PBXNativeTarget section */

/* Begin PBXProject section */
		C4D55FC0233A55D900FF95B7 /* Project object */ = {
			isa = PBXProject;
			attributes = {
				LastSwiftUpdateCheck = 1030;
				LastUpgradeCheck = 1030;
				ORGANIZATIONNAME = "Toni Kontio";
				TargetAttributes = {
					C4D55FC7233A55D900FF95B7 = {
						CreatedOnToolsVersion = 10.3;
					};
				};
			};
			buildConfigurationList = C4D55FC3233A55D900FF95B7 /* Build configuration list for PBXProject "Lab5_1" */;
			compatibilityVersion = "Xcode 9.3";
			developmentRegion = en;
			hasScannedForEncodings = 0;
			knownRegions = (
				en,
				Base,
			);
			mainGroup = C4D55FBF233A55D900FF95B7;
			productRefGroup = C4D55FC9233A55D900FF95B7 /* Products */;
			projectDirPath = "";
			projectRoot = "";
			targets = (
				C4D55FC7233A55D900FF95B7 /* Lab5_1 */,
			);
		};
/* End PBXProject section */

/* Begin PBXResourcesBuildPhase section */
		C4D55FC6233A55D900FF95B7 /* Resources */ = {
			isa = PBXResourcesBuildPhase;
			buildActionMask = 2147483647;
			files = (
				C4D55FD6233A55ED00FF95B7 /* LaunchScreen.storyboard in Resources */,
				C4D55FD3233A55ED00FF95B7 /* Assets.xcassets in Resources */,
				C4D55FD1233A55D900FF95B7 /* Main.storyboard in Resources */,
			);
			runOnlyForDeploymentPostprocessing = 0;
		};
/* End PBXResourcesBuildPhase section */

/* Begin PBXSourcesBuildPhase section */
		C4D55FC4233A55D900FF95B7 /* Sources */ = {
			isa = PBXSourcesBuildPhase;
			buildActionMask = 2147483647;
			files = (
				C4D55FDE233A5CC100FF95B7 /* SecondViewController.swift in Sources */,
				C4D55FCE233A55D900FF95B7 /* ViewController.swift in Sources */,
				C4D55FCC233A55D900FF95B7 /* AppDelegate.swift in Sources */,
			);
			runOnlyForDeploymentPostprocessing = 0;
		};
/* End PBXSourcesBuildPhase section */

/* Begin PBXVariantGroup section */
		C4D55FCF233A55D900FF95B7 /* Main.storyboard */ = {
			isa = PBXVariantGroup;
			children = (
				C4D55FD0233A55D900FF95B7 /* Base */,
			);
			name = Main.storyboard;
			sourceTree = "<group>";
		};
		C4D55FD4233A55ED00FF95B7 /* LaunchScreen.storyboard */ = {
			isa = PBXVariantGroup;
			children = (
				C4D55FD5233A55ED00FF95B7 /* Base */,
			);
			name = LaunchScreen.storyboard;
			sourceTree = "<group>";
		};
/* End PBXVariantGroup section */

/* Begin XCBuildConfiguration section */
		C4D55FD8233A55ED00FF95B7 /* Debug */ = {
			isa = XCBuildConfiguration;
			buildSettings = {
				ALWAYS_SEARCH_USER_PATHS = NO;
				CLANG_ANALYZER_NONNULL = YES;
				CLANG_ANALYZER_NUMBER_OBJECT_CONVERSION = YES_AGGRESSIVE;
				CLANG_CXX_LANGUAGE_STANDARD = "gnu++14";
				CLANG_CXX_LIBRARY = "libc++";
				CLANG_ENABLE_MODULES = YES;
				CLANG_ENABLE_OBJC_ARC = YES;
				CLANG_ENABLE_OBJC_WEAK = YES;
				CLANG_WARN_BLOCK_CAPTURE_AUTORELEASING = YES;
				CLANG_WARN_BOOL_CONVERSION = YES;
				CLANG_WARN_COMMA = YES;
				CLANG_WARN_CONSTANT_CONVERSION = YES;
				CLANG_WARN_DEPRECATED_OBJC_IMPLEMENTATIONS = YES;
				CLANG_WARN_DIRECT_OBJC_ISA_USAGE = YES_ERROR;
				CLANG_WARN_DOCUMENTATION_COMMENTS = YES;
				CLANG_WARN_EMPTY_BODY = YES;
				CLANG_WARN_ENUM_CONVERSION = YES;
				CLANG_WARN_INFINITE_RECURSION = YES;
				CLANG_WARN_INT_CONVERSION = YES;
				CLANG_WARN_NON_LITERAL_NULL_CONVERSION = YES;
				CLANG_WARN_OBJC_IMPLICIT_RETAIN_SELF = YES;
				CLANG_WARN_OBJC_LITERAL_CONVERSION = YES;
				CLANG_WARN_OBJC_ROOT_CLASS = YES_ERROR;
				CLANG_WARN_RANGE_LOOP_ANALYSIS = YES;
				CLANG_WARN_STRICT_PROTOTYPES = YES;
				CLANG_WARN_SUSPICIOUS_MOVE = YES;
				CLANG_WARN_UNGUARDED_AVAILABILITY = YES_AGGRESSIVE;
				CLANG_WARN_UNREACHABLE_CODE = YES;
				CLANG_WARN__DUPLICATE_METHOD_MATCH = YES;
				CODE_SIGN_IDENTITY = "iPhone Developer";
				COPY_PHASE_STRIP = NO;
				DEBUG_INFORMATION_FORMAT = dwarf;
				ENABLE_STRICT_OBJC_MSGSEND = YES;
				ENABLE_TESTABILITY = YES;
				GCC_C_LANGUAGE_STANDARD = gnu11;
				GCC_DYNAMIC_NO_PIC = NO;
				GCC_NO_COMMON_BLOCKS = YES;
				GCC_OPTIMIZATION_LEVEL = 0;
				GCC_PREPROCESSOR_DEFINITIONS = (
					"DEBUG=1",
					"$(inherited)",
				);
				GCC_WARN_64_TO_32_BIT_CONVERSION = YES;
				GCC_WARN_ABOUT_RETURN_TYPE = YES_ERROR;
				GCC_WARN_UNDECLARED_SELECTOR = YES;
				GCC_WARN_UNINITIALIZED_AUTOS = YES_AGGRESSIVE;
				GCC_WARN_UNUSED_FUNCTION = YES;
				GCC_WARN_UNUSED_VARIABLE = YES;
				IPHONEOS_DEPLOYMENT_TARGET = 12.4;
				MTL_ENABLE_DEBUG_INFO = INCLUDE_SOURCE;
				MTL_FAST_MATH = YES;
				ONLY_ACTIVE_ARCH = YES;
				SDKROOT = iphoneos;
				SWIFT_ACTIVE_COMPILATION_CONDITIONS = DEBUG;
				SWIFT_OPTIMIZATION_LEVEL = "-Onone";
			};
			name = Debug;
		};
		C4D55FD9233A55ED00FF95B7 /* Release */ = {
			isa = XCBuildConfiguration;
			buildSettings = {
				ALWAYS_SEARCH_USER_PATHS = NO;
				CLANG_ANALYZER_NONNULL = YES;
				CLANG_ANALYZER_NUMBER_OBJECT_CONVERSION = YES_AGGRESSIVE;
				CLANG_CXX_LANGUAGE_STANDARD = "gnu++14";
				CLANG_CXX_LIBRARY = "libc++";
				CLANG_ENABLE_MODULES = YES;
				CLANG_ENABLE_OBJC_ARC = YES;
				CLANG_ENABLE_OBJC_WEAK = YES;
				CLANG_WARN_BLOCK_CAPTURE_AUTORELEASING = YES;
				CLANG_WARN_BOOL_CONVERSION = YES;
				CLANG_WARN_COMMA = YES;
				CLANG_WARN_CONSTANT_CONVERSION = YES;
				CLANG_WARN_DEPRECATED_OBJC_IMPLEMENTATIONS = YES;
				CLANG_WARN_DIRECT_OBJC_ISA_USAGE = YES_ERROR;
				CLANG_WARN_DOCUMENTATION_COMMENTS = YES;
				CLANG_WARN_EMPTY_BODY = YES;
				CLANG_WARN_ENUM_CONVERSION = YES;
				CLANG_WARN_INFINITE_RECURSION = YES;
				CLANG_WARN_INT_CONVERSION = YES;
				CLANG_WARN_NON_LITERAL_NULL_CONVERSION = YES;
				CLANG_WARN_OBJC_IMPLICIT_RETAIN_SELF = YES;
				CLANG_WARN_OBJC_LITERAL_CONVERSION = YES;
				CLANG_WARN_OBJC_ROOT_CLASS = YES_ERROR;
				CLANG_WARN_RANGE_LOOP_ANALYSIS = YES;
				CLANG_WARN_STRICT_PROTOTYPES = YES;
				CLANG_WARN_SUSPICIOUS_MOVE = YES;
				CLANG_WARN_UNGUARDED_AVAILABILITY = YES_AGGRESSIVE;
				CLANG_WARN_UNREACHABLE_CODE = YES;
				CLANG_WARN__DUPLICATE_METHOD_MATCH = YES;
				CODE_SIGN_IDENTITY = "iPhone Developer";
				COPY_PHASE_STRIP = NO;
				DEBUG_INFORMATION_FORMAT = "dwarf-with-dsym";
				ENABLE_NS_ASSERTIONS = NO;
				ENABLE_STRICT_OBJC_MSGSEND = YES;
				GCC_C_LANGUAGE_STANDARD = gnu11;
				GCC_NO_COMMON_BLOCKS = YES;
				GCC_WARN_64_TO_32_BIT_CONVERSION = YES;
				GCC_WARN_ABOUT_RETURN_TYPE = YES_ERROR;
				GCC_WARN_UNDECLARED_SELECTOR = YES;
				GCC_WARN_UNINITIALIZED_AUTOS = YES_AGGRESSIVE;
				GCC_WARN_UNUSED_FUNCTION = YES;
				GCC_WARN_UNUSED_VARIABLE = YES;
				IPHONEOS_DEPLOYMENT_TARGET = 12.4;
				MTL_ENABLE_DEBUG_INFO = NO;
				MTL_FAST_MATH = YES;
				SDKROOT = iphoneos;
				SWIFT_COMPILATION_MODE = wholemodule;
				SWIFT_OPTIMIZATION_LEVEL = "-O";
				VALIDATE_PRODUCT = YES;
			};
			name = Release;
		};
		C4D55FDB233A55ED00FF95B7 /* Debug */ = {
			isa = XCBuildConfiguration;
			buildSettings = {
				ASSETCATALOG_COMPILER_APPICON_NAME = AppIcon;
				CODE_SIGN_STYLE = Automatic;
				INFOPLIST_FILE = Lab5_1/Info.plist;
				LD_RUNPATH_SEARCH_PATHS = (
					"$(inherited)",
					"@executable_path/Frameworks",
				);
				PRODUCT_BUNDLE_IDENTIFIER = "Oamk.Lab5-1";
				PRODUCT_NAME = "$(TARGET_NAME)";
				SWIFT_VERSION = 5.0;
				TARGETED_DEVICE_FAMILY = "1,2";
			};
			name = Debug;
		};
		C4D55FDC233A55ED00FF95B7 /* Release */ = {
			isa = XCBuildConfiguration;
			buildSettings = {
				ASSETCATALOG_COMPILER_APPICON_NAME = AppIcon;
				CODE_SIGN_STYLE = Automatic;
				INFOPLIST_FILE = Lab5_1/Info.plist;
				LD_RUNPATH_SEARCH_PATHS = (
					"$(inherited)",
					"@executable_path/Frameworks",
				);
				PRODUCT_BUNDLE_IDENTIFIER = "Oamk.Lab5-1";
				PRODUCT_NAME = "$(TARGET_NAME)";
				SWIFT_VERSION = 5.0;
				TARGETED_DEVICE_FAMILY = "1,2";
			};
			name = Release;
		};
/* End XCBuildConfiguration section */

/* Begin XCConfigurationList section */
		C4D55FC3233A55D900FF95B7 /* Build configuration list for PBXProject "Lab5_1" */ = {
			isa = XCConfigurationList;
			buildConfigurations = (
				C4D55FD8233A55ED00FF95B7 /* Debug */,
				C4D55FD9233A55ED00FF95B7 /* Release */,
			);
			defaultConfigurationIsVisible = 0;
			defaultConfigurationName = Release;
		};
		C4D55FDA233A55ED00FF95B7 /* Build configuration list for PBXNativeTarget "Lab5_1" */ = {
			isa = XCConfigurationList;
			buildConfigurations = (
				C4D55FDB233A55ED00FF95B7 /* Debug */,
				C4D55FDC233A55ED00FF95B7 /* Release */,
			);
			defaultConfigurationIsVisible = 0;
			defaultConfigurationName = Release;
		};
/* End XCConfigurationList section */
	};
	rootObject = C4D55FC0233A55D900FF95B7 /* Project object */;
}
